
Microsoft Visual Studio Solution File, Format Version 12.00
# Visual Studio Version 17
VisualStudioVersion = 17.12.35506.116
MinimumVisualStudioVersion = 10.0.40219.1
Project("{FAE04EC0-301F-11D3-BF4B-00C04F79EFBC}") = "OnlineCourseApi", "OnlineCourseApi\OnlineCourseApi.csproj", "{1555321A-A976-4983-9FE2-30F6BFF4C010}"
EndProject
Project("{FAE04EC0-301F-11D3-BF4B-00C04F79EFBC}") = "OnlineCourseApi.Data", "OnlineCourseApi.Data\OnlineCourseApi.Data.csproj", "{2CCCD867-C723-40F6-970F-AC7658D1F956}"
EndProject
Project("{FAE04EC0-301F-11D3-BF4B-00C04F79EFBC}") = "OnlineCourseApi.Service", "OnlineCourseApi.Service\OnlineCourseApi.Service.csproj", "{E59DAA7B-F8B3-41F9-A0C5-CBFE78CF31C0}"
EndProject
Project("{FAE04EC0-301F-11D3-BF4B-00C04F79EFBC}") = "OnlineCourseApi.Core", "OnlineCourseApi.Core\OnlineCourseApi.Core.csproj", "{59F12AE0-226A-4D12-B680-4B3F90E20097}"
EndProject
Global
	GlobalSection(SolutionConfigurationPlatforms) = preSolution
		Debug|Any CPU = Debug|Any CPU
		Release|Any CPU = Release|Any CPU
	EndGlobalSection
	GlobalSection(ProjectConfigurationPlatforms) = postSolution
		{1555321A-A976-4983-9FE2-30F6BFF4C010}.Debug|Any CPU.ActiveCfg = Debug|Any CPU
		{1555321A-A976-4983-9FE2-30F6BFF4C010}.Debug|Any CPU.Build.0 = Debug|Any CPU
		{1555321A-A976-4983-9FE2-30F6BFF4C010}.Release|Any CPU.ActiveCfg = Release|Any CPU
		{1555321A-A976-4983-9FE2-30F6BFF4C010}.Release|Any CPU.Build.0 = Release|Any CPU
		{2CCCD867-C723-40F6-970F-AC7658D1F956}.Debug|Any CPU.ActiveCfg = Debug|Any CPU
		{2CCCD867-C723-40F6-970F-AC7658D1F956}.Debug|Any CPU.Build.0 = Debug|Any CPU
		{2CCCD867-C723-40F6-970F-AC7658D1F956}.Release|Any CPU.ActiveCfg = Release|Any CPU
		{2CCCD867-C723-40F6-970F-AC7658D1F956}.Release|Any CPU.Build.0 = Release|Any CPU
		{E59DAA7B-F8B3-41F9-A0C5-CBFE78CF31C0}.Debug|Any CPU.ActiveCfg = Debug|Any CPU
		{E59DAA7B-F8B3-41F9-A0C5-CBFE78CF31C0}.Debug|Any CPU.Build.0 = Debug|Any CPU
		{E59DAA7B-F8B3-41F9-A0C5-CBFE78CF31C0}.Release|Any CPU.ActiveCfg = Release|Any CPU
		{E59DAA7B-F8B3-41F9-A0C5-CBFE78CF31C0}.Release|Any CPU.Build.0 = Release|Any CPU
		{59F12AE0-226A-4D12-B680-4B3F90E20097}.Debug|Any CPU.ActiveCfg = Debug|Any CPU
		{59F12AE0-226A-4D12-B680-4B3F90E20097}.Debug|Any CPU.Build.0 = Debug|Any CPU
		{59F12AE0-226A-4D12-B680-4B3F90E20097}.Release|Any CPU.ActiveCfg = Release|Any CPU
		{59F12AE0-226A-4D12-B680-4B3F90E20097}.Release|Any CPU.Build.0 = Release|Any CPU
	EndGlobalSection
	GlobalSection(SolutionProperties) = preSolution
		HideSolutionNode = FALSE
	EndGlobalSection
EndGlobal
